
Microsoft Visual Studio Solution File, Format Version 12.00
# Visual Studio Version 17
VisualStudioVersion = 17.0.31521.260
MinimumVisualStudioVersion = 10.0.40219.1
Project("{FAE04EC0-301F-11D3-BF4B-00C04F79EFBC}") = "GenericMathPlayground", "GenericMathPlayground\GenericMathPlayground.csproj", "{F312880E-C2AF-47C9-81FA-3C1170885F94}"
EndProject
Global
	GlobalSection(SolutionConfigurationPlatforms) = preSolution
		Debug|Any CPU = Debug|Any CPU
		Release|Any CPU = Release|Any CPU
	EndGlobalSection
	GlobalSection(ProjectConfigurationPlatforms) = postSolution
		{F312880E-C2AF-47C9-81FA-3C1170885F94}.Debug|Any CPU.ActiveCfg = Debug|Any CPU
		{F312880E-C2AF-47C9-81FA-3C1170885F94}.Debug|Any CPU.Build.0 = Debug|Any CPU
		{F312880E-C2AF-47C9-81FA-3C1170885F94}.Release|Any CPU.ActiveCfg = Release|Any CPU
		{F312880E-C2AF-47C9-81FA-3C1170885F94}.Release|Any CPU.Build.0 = Release|Any CPU
	EndGlobalSection
	GlobalSection(SolutionProperties) = preSolution
		HideSolutionNode = FALSE
	EndGlobalSection
	GlobalSection(ExtensibilityGlobals) = postSolution
		SolutionGuid = {668C1BAF-9E3A-4EE9-87B6-D7BFD5A8FADB}
	EndGlobalSection
EndGlobal
