
Microsoft Visual Studio Solution File, Format Version 12.00
# Visual Studio Version 17
VisualStudioVersion = 17.0.31521.260
MinimumVisualStudioVersion = 10.0.40219.1
Project("{9A19103F-16F7-4668-BE54-9A1E7A4F7556}") = "GenericMathPlayground", "GenericMathPlayground\GenericMathPlayground.csproj", "{F312880E-C2AF-47C9-81FA-3C1170885F94}"
EndProject
Project("{2150E333-8FDC-42A3-9474-1A3956D46DE8}") = "Solution Items", "Solution Items", "{BD92E538-EDB3-4E14-8EB8-A6A2239C6048}"
	ProjectSection(SolutionItems) = preProject
		.editorconfig = .editorconfig
		.gitattributes = .gitattributes
		.gitignore = .gitignore
		LICENSE.md = LICENSE.md
		README.md = README.md
		Types.xlsx = Types.xlsx
		Units.xlsx = Units.xlsx
	EndProjectSection
EndProject
Global
	GlobalSection(SolutionConfigurationPlatforms) = preSolution
		Debug|Any CPU = Debug|Any CPU
		Debug|ARM32 = Debug|ARM32
		Debug|ARM64 = Debug|ARM64
		Debug|x64 = Debug|x64
		Debug|x86 = Debug|x86
		Release|Any CPU = Release|Any CPU
		Release|ARM32 = Release|ARM32
		Release|ARM64 = Release|ARM64
		Release|x64 = Release|x64
		Release|x86 = Release|x86
	EndGlobalSection
	GlobalSection(ProjectConfigurationPlatforms) = postSolution
		{F312880E-C2AF-47C9-81FA-3C1170885F94}.Debug|Any CPU.ActiveCfg = Debug|Any CPU
		{F312880E-C2AF-47C9-81FA-3C1170885F94}.Debug|Any CPU.Build.0 = Debug|Any CPU
		{F312880E-C2AF-47C9-81FA-3C1170885F94}.Debug|ARM32.ActiveCfg = Debug|ARM32
		{F312880E-C2AF-47C9-81FA-3C1170885F94}.Debug|ARM32.Build.0 = Debug|ARM32
		{F312880E-C2AF-47C9-81FA-3C1170885F94}.Debug|ARM64.ActiveCfg = Debug|ARM64
		{F312880E-C2AF-47C9-81FA-3C1170885F94}.Debug|ARM64.Build.0 = Debug|ARM64
		{F312880E-C2AF-47C9-81FA-3C1170885F94}.Debug|x64.ActiveCfg = Debug|Any CPU
		{F312880E-C2AF-47C9-81FA-3C1170885F94}.Debug|x64.Build.0 = Debug|Any CPU
		{F312880E-C2AF-47C9-81FA-3C1170885F94}.Debug|x86.ActiveCfg = Debug|x86
		{F312880E-C2AF-47C9-81FA-3C1170885F94}.Debug|x86.Build.0 = Debug|x86
		{F312880E-C2AF-47C9-81FA-3C1170885F94}.Release|Any CPU.ActiveCfg = Release|Any CPU
		{F312880E-C2AF-47C9-81FA-3C1170885F94}.Release|Any CPU.Build.0 = Release|Any CPU
		{F312880E-C2AF-47C9-81FA-3C1170885F94}.Release|ARM32.ActiveCfg = Release|ARM32
		{F312880E-C2AF-47C9-81FA-3C1170885F94}.Release|ARM32.Build.0 = Release|ARM32
		{F312880E-C2AF-47C9-81FA-3C1170885F94}.Release|ARM64.ActiveCfg = Release|ARM64
		{F312880E-C2AF-47C9-81FA-3C1170885F94}.Release|ARM64.Build.0 = Release|ARM64
		{F312880E-C2AF-47C9-81FA-3C1170885F94}.Release|x64.ActiveCfg = Release|Any CPU
		{F312880E-C2AF-47C9-81FA-3C1170885F94}.Release|x64.Build.0 = Release|Any CPU
		{F312880E-C2AF-47C9-81FA-3C1170885F94}.Release|x86.ActiveCfg = Release|x86
		{F312880E-C2AF-47C9-81FA-3C1170885F94}.Release|x86.Build.0 = Release|x86
	EndGlobalSection
	GlobalSection(SolutionProperties) = preSolution
		HideSolutionNode = FALSE
	EndGlobalSection
	GlobalSection(ExtensibilityGlobals) = postSolution
		SolutionGuid = {668C1BAF-9E3A-4EE9-87B6-D7BFD5A8FADB}
	EndGlobalSection
EndGlobal
